
Microsoft Visual Studio Solution File, Format Version 12.00
# Visual Studio 14
VisualStudioVersion = 14.0.25420.1
MinimumVisualStudioVersion = 10.0.40219.1
Project("{FAE04EC0-301F-11D3-BF4B-00C04F79EFBC}") = "MyIdentity.Web", "MyIdentity.Web\MyIdentity.Web.csproj", "{52E3D005-BC03-42AC-BE79-41E2E1461EA9}"
EndProject
Project("{FAE04EC0-301F-11D3-BF4B-00C04F79EFBC}") = "MyIdentity.Domain", "MyIdentity.Domain\MyIdentity.Domain.csproj", "{7D888CA1-FFCE-43FC-A572-6B34DA10FFE7}"
EndProject
Project("{FAE04EC0-301F-11D3-BF4B-00C04F79EFBC}") = "MyIdentity.Data.EntityFramewok", "MyIdentity.Data.EntityFramewok\MyIdentity.Data.EntityFramewok.csproj", "{7C6CD50C-E505-4691-AE3D-9DDE3D3C3445}"
EndProject
Project("{FAE04EC0-301F-11D3-BF4B-00C04F79EFBC}") = "MyIdentity.Test", "MyIdentity.Test\MyIdentity.Test.csproj", "{878EA1EB-D71D-481E-9118-77E3D3FE7245}"
EndProject
Project("{FAE04EC0-301F-11D3-BF4B-00C04F79EFBC}") = "EFMigrations", "EFMigrations\EFMigrations.csproj", "{0ECFF3F7-3BCB-4FDD-8FD4-89D9376682D9}"
EndProject
Global
	GlobalSection(SolutionConfigurationPlatforms) = preSolution
		Debug|Any CPU = Debug|Any CPU
		Release|Any CPU = Release|Any CPU
	EndGlobalSection
	GlobalSection(ProjectConfigurationPlatforms) = postSolution
		{52E3D005-BC03-42AC-BE79-41E2E1461EA9}.Debug|Any CPU.ActiveCfg = Debug|Any CPU
		{52E3D005-BC03-42AC-BE79-41E2E1461EA9}.Debug|Any CPU.Build.0 = Debug|Any CPU
		{52E3D005-BC03-42AC-BE79-41E2E1461EA9}.Release|Any CPU.ActiveCfg = Release|Any CPU
		{52E3D005-BC03-42AC-BE79-41E2E1461EA9}.Release|Any CPU.Build.0 = Release|Any CPU
		{7D888CA1-FFCE-43FC-A572-6B34DA10FFE7}.Debug|Any CPU.ActiveCfg = Debug|Any CPU
		{7D888CA1-FFCE-43FC-A572-6B34DA10FFE7}.Debug|Any CPU.Build.0 = Debug|Any CPU
		{7D888CA1-FFCE-43FC-A572-6B34DA10FFE7}.Release|Any CPU.ActiveCfg = Release|Any CPU
		{7D888CA1-FFCE-43FC-A572-6B34DA10FFE7}.Release|Any CPU.Build.0 = Release|Any CPU
		{7C6CD50C-E505-4691-AE3D-9DDE3D3C3445}.Debug|Any CPU.ActiveCfg = Debug|Any CPU
		{7C6CD50C-E505-4691-AE3D-9DDE3D3C3445}.Debug|Any CPU.Build.0 = Debug|Any CPU
		{7C6CD50C-E505-4691-AE3D-9DDE3D3C3445}.Release|Any CPU.ActiveCfg = Release|Any CPU
		{7C6CD50C-E505-4691-AE3D-9DDE3D3C3445}.Release|Any CPU.Build.0 = Release|Any CPU
		{878EA1EB-D71D-481E-9118-77E3D3FE7245}.Debug|Any CPU.ActiveCfg = Debug|Any CPU
		{878EA1EB-D71D-481E-9118-77E3D3FE7245}.Debug|Any CPU.Build.0 = Debug|Any CPU
		{878EA1EB-D71D-481E-9118-77E3D3FE7245}.Release|Any CPU.ActiveCfg = Release|Any CPU
		{878EA1EB-D71D-481E-9118-77E3D3FE7245}.Release|Any CPU.Build.0 = Release|Any CPU
		{0ECFF3F7-3BCB-4FDD-8FD4-89D9376682D9}.Debug|Any CPU.ActiveCfg = Debug|Any CPU
		{0ECFF3F7-3BCB-4FDD-8FD4-89D9376682D9}.Debug|Any CPU.Build.0 = Debug|Any CPU
		{0ECFF3F7-3BCB-4FDD-8FD4-89D9376682D9}.Release|Any CPU.ActiveCfg = Release|Any CPU
		{0ECFF3F7-3BCB-4FDD-8FD4-89D9376682D9}.Release|Any CPU.Build.0 = Release|Any CPU
	EndGlobalSection
	GlobalSection(SolutionProperties) = preSolution
		HideSolutionNode = FALSE
	EndGlobalSection
EndGlobal
